
Microsoft Visual Studio Solution File, Format Version 12.00
# Visual Studio 2012
Project("{FAE04EC0-301F-11D3-BF4B-00C04F79EFBC}") = "SchedulerPerformance", "SchedulerPerformance\SchedulerPerformance.csproj", "{9972DA0A-83D8-4EB9-A674-7C97F0223518}"
EndProject
Project("{FAE04EC0-301F-11D3-BF4B-00C04F79EFBC}") = "SchedulerPerformance.Droid", "Droid\SchedulerPerformance.Droid.csproj", "{4843624F-BEA3-45DA-B7EC-E56CB9FC08B0}"
EndProject
Global
	GlobalSection(SolutionConfigurationPlatforms) = preSolution
		Debug|Any CPU = Debug|Any CPU
		Release|Any CPU = Release|Any CPU
	EndGlobalSection
	GlobalSection(ProjectConfigurationPlatforms) = postSolution
		{4843624F-BEA3-45DA-B7EC-E56CB9FC08B0}.Debug|Any CPU.ActiveCfg = Debug|Any CPU
		{4843624F-BEA3-45DA-B7EC-E56CB9FC08B0}.Debug|Any CPU.Build.0 = Debug|Any CPU
		{4843624F-BEA3-45DA-B7EC-E56CB9FC08B0}.Release|Any CPU.ActiveCfg = Release|Any CPU
		{4843624F-BEA3-45DA-B7EC-E56CB9FC08B0}.Release|Any CPU.Build.0 = Release|Any CPU
		{9972DA0A-83D8-4EB9-A674-7C97F0223518}.Debug|Any CPU.ActiveCfg = Debug|Any CPU
		{9972DA0A-83D8-4EB9-A674-7C97F0223518}.Debug|Any CPU.Build.0 = Debug|Any CPU
		{9972DA0A-83D8-4EB9-A674-7C97F0223518}.Release|Any CPU.ActiveCfg = Release|Any CPU
		{9972DA0A-83D8-4EB9-A674-7C97F0223518}.Release|Any CPU.Build.0 = Release|Any CPU
	EndGlobalSection
EndGlobal
